// !$*UTF8*$!
{
	archiveVersion = 1;
	classes = {
	};
	objectVersion = 46;
	objects = {

/* Begin PBXBuildFile section */
		1927259A1BFED3FA00E85B7F /* ship_texture.png in Resources */ = {isa = PBXBuildFile; fileRef = 192725991BFED3FA00E85B7F /* ship_texture.png */; };
		19986A171BFEA71D004F053B /* Enemy.swift in Sources */ = {isa = PBXBuildFile; fileRef = 19986A161BFEA71D004F053B /* Enemy.swift */; };
		19986A191BFEA83E004F053B /* explosion.atlas in Resources */ = {isa = PBXBuildFile; fileRef = 19986A181BFEA83E004F053B /* explosion.atlas */; };
		19986A1D1BFEAA2F004F053B /* AISteering.swift in Sources */ = {isa = PBXBuildFile; fileRef = 19986A1C1BFEAA2F004F053B /* AISteering.swift */; };
		19986A241BFEC1A2004F053B /* enemy.atlas in Resources */ = {isa = PBXBuildFile; fileRef = 19986A231BFEC1A2004F053B /* enemy.atlas */; };
		199CFE8B1BE1D00C0037AA23 /* AppDelegate.swift in Sources */ = {isa = PBXBuildFile; fileRef = 199CFE8A1BE1D00C0037AA23 /* AppDelegate.swift */; };
		199CFE8D1BE1D00C0037AA23 /* GameScene.sks in Resources */ = {isa = PBXBuildFile; fileRef = 199CFE8C1BE1D00C0037AA23 /* GameScene.sks */; };
		199CFE8F1BE1D00C0037AA23 /* GameScene.swift in Sources */ = {isa = PBXBuildFile; fileRef = 199CFE8E1BE1D00C0037AA23 /* GameScene.swift */; };
		199CFE911BE1D00C0037AA23 /* GameViewController.swift in Sources */ = {isa = PBXBuildFile; fileRef = 199CFE901BE1D00C0037AA23 /* GameViewController.swift */; };
		199CFE941BE1D00C0037AA23 /* Main.storyboard in Resources */ = {isa = PBXBuildFile; fileRef = 199CFE921BE1D00C0037AA23 /* Main.storyboard */; };
		199CFE991BE1D00C0037AA23 /* LaunchScreen.storyboard in Resources */ = {isa = PBXBuildFile; fileRef = 199CFE971BE1D00C0037AA23 /* LaunchScreen.storyboard */; };
		199CFEA41BE1D00D0037AA23 /* XFighterTests.swift in Sources */ = {isa = PBXBuildFile; fileRef = 199CFEA31BE1D00D0037AA23 /* XFighterTests.swift */; };
		199CFEAF1BE1D00D0037AA23 /* XFighterUITests.swift in Sources */ = {isa = PBXBuildFile; fileRef = 199CFEAE1BE1D00D0037AA23 /* XFighterUITests.swift */; };
		199CFEC81BE1E96E0037AA23 /* ship_01.png in Resources */ = {isa = PBXBuildFile; fileRef = 199CFEC51BE1E96E0037AA23 /* ship_01.png */; };
		199CFEC91BE1E96E0037AA23 /* ship_02.png in Resources */ = {isa = PBXBuildFile; fileRef = 199CFEC61BE1E96E0037AA23 /* ship_02.png */; };
		199CFECA1BE1E96E0037AA23 /* ship_03.png in Resources */ = {isa = PBXBuildFile; fileRef = 199CFEC71BE1E96E0037AA23 /* ship_03.png */; };
		19B34BEC1BE3561A00F454A5 /* CGFloat+Extensions.swift in Sources */ = {isa = PBXBuildFile; fileRef = 19B34BE01BE3561A00F454A5 /* CGFloat+Extensions.swift */; };
		19B34BED1BE3561A00F454A5 /* CGPoint+Extensions.swift in Sources */ = {isa = PBXBuildFile; fileRef = 19B34BE11BE3561A00F454A5 /* CGPoint+Extensions.swift */; };
		19B34BEE1BE3561A00F454A5 /* CGVector+Extensions.swift in Sources */ = {isa = PBXBuildFile; fileRef = 19B34BE21BE3561A00F454A5 /* CGVector+Extensions.swift */; };
		19B34BEF1BE3561A00F454A5 /* Int+Extensions.swift in Sources */ = {isa = PBXBuildFile; fileRef = 19B34BE31BE3561A00F454A5 /* Int+Extensions.swift */; };
		19B34BF01BE3561A00F454A5 /* SKAction+Extensions.swift in Sources */ = {isa = PBXBuildFile; fileRef = 19B34BE41BE3561A00F454A5 /* SKAction+Extensions.swift */; };
		19B34BF11BE3561A00F454A5 /* SKAction+SpecialEffects.swift in Sources */ = {isa = PBXBuildFile; fileRef = 19B34BE51BE3561A00F454A5 /* SKAction+SpecialEffects.swift */; };
		19B34BF21BE3561A00F454A5 /* SKColor+Extensions.swift in Sources */ = {isa = PBXBuildFile; fileRef = 19B34BE61BE3561A00F454A5 /* SKColor+Extensions.swift */; };
		19B34BF31BE3561A00F454A5 /* SKNode+Extensions.swift in Sources */ = {isa = PBXBuildFile; fileRef = 19B34BE71BE3561A00F454A5 /* SKNode+Extensions.swift */; };
		19B34BF41BE3561A00F454A5 /* SKTAudio.swift in Sources */ = {isa = PBXBuildFile; fileRef = 19B34BE81BE3561A00F454A5 /* SKTAudio.swift */; };
		19B34BF51BE3561A00F454A5 /* SKTEffects.swift in Sources */ = {isa = PBXBuildFile; fileRef = 19B34BE91BE3561A00F454A5 /* SKTEffects.swift */; };
		19B34BF61BE3561A00F454A5 /* SKTTimingFunctions.swift in Sources */ = {isa = PBXBuildFile; fileRef = 19B34BEA1BE3561A00F454A5 /* SKTTimingFunctions.swift */; };
		19B34BF71BE3561A00F454A5 /* Vector3.swift in Sources */ = {isa = PBXBuildFile; fileRef = 19B34BEB1BE3561A00F454A5 /* Vector3.swift */; };
		19B34BFB1BE360DF00F454A5 /* beams.atlas in Resources */ = {isa = PBXBuildFile; fileRef = 19B34BFA1BE360DF00F454A5 /* beams.atlas */; };
		19B34BFD1BE360FB00F454A5 /* Bullet.swift in Sources */ = {isa = PBXBuildFile; fileRef = 19B34BFC1BE360FB00F454A5 /* Bullet.swift */; };
		19C2011E1BE307C7000E95B2 /* PlayerShip.swift in Sources */ = {isa = PBXBuildFile; fileRef = 19C2011D1BE307C7000E95B2 /* PlayerShip.swift */; };
		19C201211BE30AA1000E95B2 /* Entity.swift in Sources */ = {isa = PBXBuildFile; fileRef = 19C201201BE30AA1000E95B2 /* Entity.swift */; };
		19C201231BE31D61000E95B2 /* background.png in Resources */ = {isa = PBXBuildFile; fileRef = 19C201221BE31D61000E95B2 /* background.png */; };
/* End PBXBuildFile section */

/* Begin PBXContainerItemProxy section */
		199CFEA01BE1D00C0037AA23 /* PBXContainerItemProxy */ = {
			isa = PBXContainerItemProxy;
			containerPortal = 199CFE7F1BE1D00C0037AA23 /* Project object */;
			proxyType = 1;
			remoteGlobalIDString = 199CFE861BE1D00C0037AA23;
			remoteInfo = XFighter;
		};
		199CFEAB1BE1D00D0037AA23 /* PBXContainerItemProxy */ = {
			isa = PBXContainerItemProxy;
			containerPortal = 199CFE7F1BE1D00C0037AA23 /* Project object */;
			proxyType = 1;
			remoteGlobalIDString = 199CFE861BE1D00C0037AA23;
			remoteInfo = XFighter;
		};
/* End PBXContainerItemProxy section */

/* Begin PBXFileReference section */
		192725991BFED3FA00E85B7F /* ship_texture.png */ = {isa = PBXFileReference; lastKnownFileType = image.png; path = ship_texture.png; sourceTree = "<group>"; };
		19986A161BFEA71D004F053B /* Enemy.swift */ = {isa = PBXFileReference; fileEncoding = 4; lastKnownFileType = sourcecode.swift; path = Enemy.swift; sourceTree = "<group>"; };
		19986A181BFEA83E004F053B /* explosion.atlas */ = {isa = PBXFileReference; lastKnownFileType = folder.skatlas; path = explosion.atlas; sourceTree = "<group>"; };
		19986A1C1BFEAA2F004F053B /* AISteering.swift */ = {isa = PBXFileReference; fileEncoding = 4; lastKnownFileType = sourcecode.swift; path = AISteering.swift; sourceTree = "<group>"; };
		19986A231BFEC1A2004F053B /* enemy.atlas */ = {isa = PBXFileReference; lastKnownFileType = folder.skatlas; path = enemy.atlas; sourceTree = "<group>"; };
		199CFE871BE1D00C0037AA23 /* XFighter.app */ = {isa = PBXFileReference; explicitFileType = wrapper.application; includeInIndex = 0; path = XFighter.app; sourceTree = BUILT_PRODUCTS_DIR; };
		199CFE8A1BE1D00C0037AA23 /* AppDelegate.swift */ = {isa = PBXFileReference; lastKnownFileType = sourcecode.swift; path = AppDelegate.swift; sourceTree = "<group>"; };
		199CFE8C1BE1D00C0037AA23 /* GameScene.sks */ = {isa = PBXFileReference; lastKnownFileType = file.sks; path = GameScene.sks; sourceTree = "<group>"; };
		199CFE8E1BE1D00C0037AA23 /* GameScene.swift */ = {isa = PBXFileReference; lastKnownFileType = sourcecode.swift; path = GameScene.swift; sourceTree = "<group>"; };
		199CFE901BE1D00C0037AA23 /* GameViewController.swift */ = {isa = PBXFileReference; lastKnownFileType = sourcecode.swift; path = GameViewController.swift; sourceTree = "<group>"; };
		199CFE931BE1D00C0037AA23 /* Base */ = {isa = PBXFileReference; lastKnownFileType = file.storyboard; name = Base; path = Base.lproj/Main.storyboard; sourceTree = "<group>"; };
		199CFE981BE1D00C0037AA23 /* Base */ = {isa = PBXFileReference; lastKnownFileType = file.storyboard; name = Base; path = Base.lproj/LaunchScreen.storyboard; sourceTree = "<group>"; };
		199CFE9A1BE1D00C0037AA23 /* Info.plist */ = {isa = PBXFileReference; lastKnownFileType = text.plist.xml; path = Info.plist; sourceTree = "<group>"; };
		199CFE9F1BE1D00C0037AA23 /* XFighterTests.xctest */ = {isa = PBXFileReference; explicitFileType = wrapper.cfbundle; includeInIndex = 0; path = XFighterTests.xctest; sourceTree = BUILT_PRODUCTS_DIR; };
		199CFEA31BE1D00D0037AA23 /* XFighterTests.swift */ = {isa = PBXFileReference; lastKnownFileType = sourcecode.swift; path = XFighterTests.swift; sourceTree = "<group>"; };
		199CFEA51BE1D00D0037AA23 /* Info.plist */ = {isa = PBXFileReference; lastKnownFileType = text.plist.xml; path = Info.plist; sourceTree = "<group>"; };
		199CFEAA1BE1D00D0037AA23 /* XFighterUITests.xctest */ = {isa = PBXFileReference; explicitFileType = wrapper.cfbundle; includeInIndex = 0; path = XFighterUITests.xctest; sourceTree = BUILT_PRODUCTS_DIR; };
		199CFEAE1BE1D00D0037AA23 /* XFighterUITests.swift */ = {isa = PBXFileReference; lastKnownFileType = sourcecode.swift; path = XFighterUITests.swift; sourceTree = "<group>"; };
		199CFEB01BE1D00D0037AA23 /* Info.plist */ = {isa = PBXFileReference; lastKnownFileType = text.plist.xml; path = Info.plist; sourceTree = "<group>"; };
		199CFEC51BE1E96E0037AA23 /* ship_01.png */ = {isa = PBXFileReference; lastKnownFileType = image.png; path = ship_01.png; sourceTree = "<group>"; };
		199CFEC61BE1E96E0037AA23 /* ship_02.png */ = {isa = PBXFileReference; lastKnownFileType = image.png; path = ship_02.png; sourceTree = "<group>"; };
		199CFEC71BE1E96E0037AA23 /* ship_03.png */ = {isa = PBXFileReference; lastKnownFileType = image.png; path = ship_03.png; sourceTree = "<group>"; };
		19B34BE01BE3561A00F454A5 /* CGFloat+Extensions.swift */ = {isa = PBXFileReference; fileEncoding = 4; lastKnownFileType = sourcecode.swift; path = "CGFloat+Extensions.swift"; sourceTree = "<group>"; };
		19B34BE11BE3561A00F454A5 /* CGPoint+Extensions.swift */ = {isa = PBXFileReference; fileEncoding = 4; lastKnownFileType = sourcecode.swift; path = "CGPoint+Extensions.swift"; sourceTree = "<group>"; };
		19B34BE21BE3561A00F454A5 /* CGVector+Extensions.swift */ = {isa = PBXFileReference; fileEncoding = 4; lastKnownFileType = sourcecode.swift; path = "CGVector+Extensions.swift"; sourceTree = "<group>"; };
		19B34BE31BE3561A00F454A5 /* Int+Extensions.swift */ = {isa = PBXFileReference; fileEncoding = 4; lastKnownFileType = sourcecode.swift; path = "Int+Extensions.swift"; sourceTree = "<group>"; };
		19B34BE41BE3561A00F454A5 /* SKAction+Extensions.swift */ = {isa = PBXFileReference; fileEncoding = 4; lastKnownFileType = sourcecode.swift; path = "SKAction+Extensions.swift"; sourceTree = "<group>"; };
		19B34BE51BE3561A00F454A5 /* SKAction+SpecialEffects.swift */ = {isa = PBXFileReference; fileEncoding = 4; lastKnownFileType = sourcecode.swift; path = "SKAction+SpecialEffects.swift"; sourceTree = "<group>"; };
		19B34BE61BE3561A00F454A5 /* SKColor+Extensions.swift */ = {isa = PBXFileReference; fileEncoding = 4; lastKnownFileType = sourcecode.swift; path = "SKColor+Extensions.swift"; sourceTree = "<group>"; };
		19B34BE71BE3561A00F454A5 /* SKNode+Extensions.swift */ = {isa = PBXFileReference; fileEncoding = 4; lastKnownFileType = sourcecode.swift; path = "SKNode+Extensions.swift"; sourceTree = "<group>"; };
		19B34BE81BE3561A00F454A5 /* SKTAudio.swift */ = {isa = PBXFileReference; fileEncoding = 4; lastKnownFileType = sourcecode.swift; path = SKTAudio.swift; sourceTree = "<group>"; };
		19B34BE91BE3561A00F454A5 /* SKTEffects.swift */ = {isa = PBXFileReference; fileEncoding = 4; lastKnownFileType = sourcecode.swift; path = SKTEffects.swift; sourceTree = "<group>"; };
		19B34BEA1BE3561A00F454A5 /* SKTTimingFunctions.swift */ = {isa = PBXFileReference; fileEncoding = 4; lastKnownFileType = sourcecode.swift; path = SKTTimingFunctions.swift; sourceTree = "<group>"; };
		19B34BEB1BE3561A00F454A5 /* Vector3.swift */ = {isa = PBXFileReference; fileEncoding = 4; lastKnownFileType = sourcecode.swift; path = Vector3.swift; sourceTree = "<group>"; };
		19B34BFA1BE360DF00F454A5 /* beams.atlas */ = {isa = PBXFileReference; lastKnownFileType = folder.skatlas; path = beams.atlas; sourceTree = "<group>"; };
		19B34BFC1BE360FB00F454A5 /* Bullet.swift */ = {isa = PBXFileReference; fileEncoding = 4; lastKnownFileType = sourcecode.swift; path = Bullet.swift; sourceTree = "<group>"; };
		19C2011D1BE307C7000E95B2 /* PlayerShip.swift */ = {isa = PBXFileReference; fileEncoding = 4; lastKnownFileType = sourcecode.swift; path = PlayerShip.swift; sourceTree = "<group>"; };
		19C201201BE30AA1000E95B2 /* Entity.swift */ = {isa = PBXFileReference; fileEncoding = 4; lastKnownFileType = sourcecode.swift; path = Entity.swift; sourceTree = "<group>"; };
		19C201221BE31D61000E95B2 /* background.png */ = {isa = PBXFileReference; lastKnownFileType = image.png; path = background.png; sourceTree = "<group>"; };
/* End PBXFileReference section */

/* Begin PBXFrameworksBuildPhase section */
		199CFE841BE1D00C0037AA23 /* Frameworks */ = {
			isa = PBXFrameworksBuildPhase;
			buildActionMask = 2147483647;
			files = (
			);
			runOnlyForDeploymentPostprocessing = 0;
		};
		199CFE9C1BE1D00C0037AA23 /* Frameworks */ = {
			isa = PBXFrameworksBuildPhase;
			buildActionMask = 2147483647;
			files = (
			);
			runOnlyForDeploymentPostprocessing = 0;
		};
		199CFEA71BE1D00D0037AA23 /* Frameworks */ = {
			isa = PBXFrameworksBuildPhase;
			buildActionMask = 2147483647;
			files = (
			);
			runOnlyForDeploymentPostprocessing = 0;
		};
/* End PBXFrameworksBuildPhase section */

/* Begin PBXGroup section */
		19986A1E1BFEAA34004F053B /* AI */ = {
			isa = PBXGroup;
			children = (
				19986A1C1BFEAA2F004F053B /* AISteering.swift */,
			);
			name = AI;
			sourceTree = "<group>";
		};
		199CFE7E1BE1D00C0037AA23 = {
			isa = PBXGroup;
			children = (
				199CFE891BE1D00C0037AA23 /* XFighter */,
				199CFEA21BE1D00C0037AA23 /* XFighterTests */,
				199CFEAD1BE1D00D0037AA23 /* XFighterUITests */,
				199CFE881BE1D00C0037AA23 /* Products */,
			);
			sourceTree = "<group>";
		};
		199CFE881BE1D00C0037AA23 /* Products */ = {
			isa = PBXGroup;
			children = (
				199CFE871BE1D00C0037AA23 /* XFighter.app */,
				199CFE9F1BE1D00C0037AA23 /* XFighterTests.xctest */,
				199CFEAA1BE1D00D0037AA23 /* XFighterUITests.xctest */,
			);
			name = Products;
			sourceTree = "<group>";
		};
		199CFE891BE1D00C0037AA23 /* XFighter */ = {
			isa = PBXGroup;
			children = (
				19986A1E1BFEAA34004F053B /* AI */,
				199CFEC31BE1E96E0037AA23 /* Art */,
				19C2011F1BE30A7A000E95B2 /* Entities */,
				19B34BDF1BE3561A00F454A5 /* SKTUtils */,
				199CFE8A1BE1D00C0037AA23 /* AppDelegate.swift */,
				199CFE8C1BE1D00C0037AA23 /* GameScene.sks */,
				199CFE8E1BE1D00C0037AA23 /* GameScene.swift */,
				199CFE901BE1D00C0037AA23 /* GameViewController.swift */,
				199CFE921BE1D00C0037AA23 /* Main.storyboard */,
				199CFE971BE1D00C0037AA23 /* LaunchScreen.storyboard */,
				199CFE9A1BE1D00C0037AA23 /* Info.plist */,
			);
			path = XFighter;
			sourceTree = "<group>";
		};
		199CFEA21BE1D00C0037AA23 /* XFighterTests */ = {
			isa = PBXGroup;
			children = (
				199CFEA31BE1D00D0037AA23 /* XFighterTests.swift */,
				199CFEA51BE1D00D0037AA23 /* Info.plist */,
			);
			path = XFighterTests;
			sourceTree = "<group>";
		};
		199CFEAD1BE1D00D0037AA23 /* XFighterUITests */ = {
			isa = PBXGroup;
			children = (
				199CFEAE1BE1D00D0037AA23 /* XFighterUITests.swift */,
				199CFEB01BE1D00D0037AA23 /* Info.plist */,
			);
			path = XFighterUITests;
			sourceTree = "<group>";
		};
		199CFEC31BE1E96E0037AA23 /* Art */ = {
			isa = PBXGroup;
			children = (
				19C201221BE31D61000E95B2 /* background.png */,
				19986A231BFEC1A2004F053B /* enemy.atlas */,
				19B34BFA1BE360DF00F454A5 /* beams.atlas */,
				19986A181BFEA83E004F053B /* explosion.atlas */,
				199CFEC41BE1E96E0037AA23 /* Ship */,
			);
			path = Art;
			sourceTree = "<group>";
		};
		199CFEC41BE1E96E0037AA23 /* Ship */ = {
			isa = PBXGroup;
			children = (
				192725991BFED3FA00E85B7F /* ship_texture.png */,
				199CFEC51BE1E96E0037AA23 /* ship_01.png */,
				199CFEC61BE1E96E0037AA23 /* ship_02.png */,
				199CFEC71BE1E96E0037AA23 /* ship_03.png */,
			);
			path = Ship;
			sourceTree = "<group>";
		};
		19B34BDF1BE3561A00F454A5 /* SKTUtils */ = {
			isa = PBXGroup;
			children = (
				19B34BE01BE3561A00F454A5 /* CGFloat+Extensions.swift */,
				19B34BE11BE3561A00F454A5 /* CGPoint+Extensions.swift */,
				19B34BE21BE3561A00F454A5 /* CGVector+Extensions.swift */,
				19B34BE31BE3561A00F454A5 /* Int+Extensions.swift */,
				19B34BE41BE3561A00F454A5 /* SKAction+Extensions.swift */,
				19B34BE51BE3561A00F454A5 /* SKAction+SpecialEffects.swift */,
				19B34BE61BE3561A00F454A5 /* SKColor+Extensions.swift */,
				19B34BE71BE3561A00F454A5 /* SKNode+Extensions.swift */,
				19B34BE81BE3561A00F454A5 /* SKTAudio.swift */,
				19B34BE91BE3561A00F454A5 /* SKTEffects.swift */,
				19B34BEA1BE3561A00F454A5 /* SKTTimingFunctions.swift */,
				19B34BEB1BE3561A00F454A5 /* Vector3.swift */,
			);
			path = SKTUtils;
			sourceTree = "<group>";
		};
		19C2011F1BE30A7A000E95B2 /* Entities */ = {
			isa = PBXGroup;
			children = (
				19B34BFC1BE360FB00F454A5 /* Bullet.swift */,
				19986A161BFEA71D004F053B /* Enemy.swift */,
				19C201201BE30AA1000E95B2 /* Entity.swift */,
				19C2011D1BE307C7000E95B2 /* PlayerShip.swift */,
			);
			name = Entities;
			sourceTree = "<group>";
		};
/* End PBXGroup section */

/* Begin PBXNativeTarget section */
		199CFE861BE1D00C0037AA23 /* XFighter */ = {
			isa = PBXNativeTarget;
			buildConfigurationList = 199CFEB31BE1D00D0037AA23 /* Build configuration list for PBXNativeTarget "XFighter" */;
			buildPhases = (
				199CFE831BE1D00C0037AA23 /* Sources */,
				199CFE841BE1D00C0037AA23 /* Frameworks */,
				199CFE851BE1D00C0037AA23 /* Resources */,
			);
			buildRules = (
			);
			dependencies = (
			);
			name = XFighter;
			productName = XFighter;
			productReference = 199CFE871BE1D00C0037AA23 /* XFighter.app */;
			productType = "com.apple.product-type.application";
		};
		199CFE9E1BE1D00C0037AA23 /* XFighterTests */ = {
			isa = PBXNativeTarget;
			buildConfigurationList = 199CFEB61BE1D00D0037AA23 /* Build configuration list for PBXNativeTarget "XFighterTests" */;
			buildPhases = (
				199CFE9B1BE1D00C0037AA23 /* Sources */,
				199CFE9C1BE1D00C0037AA23 /* Frameworks */,
				199CFE9D1BE1D00C0037AA23 /* Resources */,
			);
			buildRules = (
			);
			dependencies = (
				199CFEA11BE1D00C0037AA23 /* PBXTargetDependency */,
			);
			name = XFighterTests;
			productName = XFighterTests;
			productReference = 199CFE9F1BE1D00C0037AA23 /* XFighterTests.xctest */;
			productType = "com.apple.product-type.bundle.unit-test";
		};
		199CFEA91BE1D00D0037AA23 /* XFighterUITests */ = {
			isa = PBXNativeTarget;
			buildConfigurationList = 199CFEB91BE1D00D0037AA23 /* Build configuration list for PBXNativeTarget "XFighterUITests" */;
			buildPhases = (
				199CFEA61BE1D00D0037AA23 /* Sources */,
				199CFEA71BE1D00D0037AA23 /* Frameworks */,
				199CFEA81BE1D00D0037AA23 /* Resources */,
			);
			buildRules = (
			);
			dependencies = (
				199CFEAC1BE1D00D0037AA23 /* PBXTargetDependency */,
			);
			name = XFighterUITests;
			productName = XFighterUITests;
			productReference = 199CFEAA1BE1D00D0037AA23 /* XFighterUITests.xctest */;
			productType = "com.apple.product-type.bundle.ui-testing";
		};
/* End PBXNativeTarget section */

/* Begin PBXProject section */
		199CFE7F1BE1D00C0037AA23 /* Project object */ = {
			isa = PBXProject;
			attributes = {
				LastSwiftUpdateCheck = 0710;
				LastUpgradeCheck = 0710;
				ORGANIZATIONNAME = CYS;
				TargetAttributes = {
					199CFE861BE1D00C0037AA23 = {
						CreatedOnToolsVersion = 7.1;
						DevelopmentTeam = UGC2S44X5B;
					};
					199CFE9E1BE1D00C0037AA23 = {
						CreatedOnToolsVersion = 7.1;
						TestTargetID = 199CFE861BE1D00C0037AA23;
					};
					199CFEA91BE1D00D0037AA23 = {
						CreatedOnToolsVersion = 7.1;
						TestTargetID = 199CFE861BE1D00C0037AA23;
					};
				};
			};
			buildConfigurationList = 199CFE821BE1D00C0037AA23 /* Build configuration list for PBXProject "XFighter" */;
			compatibilityVersion = "Xcode 3.2";
			developmentRegion = English;
			hasScannedForEncodings = 0;
			knownRegions = (
				en,
				Base,
			);
			mainGroup = 199CFE7E1BE1D00C0037AA23;
			productRefGroup = 199CFE881BE1D00C0037AA23 /* Products */;
			projectDirPath = "";
			projectRoot = "";
			targets = (
				199CFE861BE1D00C0037AA23 /* XFighter */,
				199CFE9E1BE1D00C0037AA23 /* XFighterTests */,
				199CFEA91BE1D00D0037AA23 /* XFighterUITests */,
			);
		};
/* End PBXProject section */

/* Begin PBXResourcesBuildPhase section */
		199CFE851BE1D00C0037AA23 /* Resources */ = {
			isa = PBXResourcesBuildPhase;
			buildActionMask = 2147483647;
			files = (
				199CFE8D1BE1D00C0037AA23 /* GameScene.sks in Resources */,
				1927259A1BFED3FA00E85B7F /* ship_texture.png in Resources */,
				199CFEC91BE1E96E0037AA23 /* ship_02.png in Resources */,
				199CFE991BE1D00C0037AA23 /* LaunchScreen.storyboard in Resources */,
				199CFEC81BE1E96E0037AA23 /* ship_01.png in Resources */,
				19C201231BE31D61000E95B2 /* background.png in Resources */,
				19986A191BFEA83E004F053B /* explosion.atlas in Resources */,
				19986A241BFEC1A2004F053B /* enemy.atlas in Resources */,
				199CFECA1BE1E96E0037AA23 /* ship_03.png in Resources */,
				19B34BFB1BE360DF00F454A5 /* beams.atlas in Resources */,
				199CFE941BE1D00C0037AA23 /* Main.storyboard in Resources */,
			);
			runOnlyForDeploymentPostprocessing = 0;
		};
		199CFE9D1BE1D00C0037AA23 /* Resources */ = {
			isa = PBXResourcesBuildPhase;
			buildActionMask = 2147483647;
			files = (
			);
			runOnlyForDeploymentPostprocessing = 0;
		};
		199CFEA81BE1D00D0037AA23 /* Resources */ = {
			isa = PBXResourcesBuildPhase;
			buildActionMask = 2147483647;
			files = (
			);
			runOnlyForDeploymentPostprocessing = 0;
		};
/* End PBXResourcesBuildPhase section */

/* Begin PBXSourcesBuildPhase section */
		199CFE831BE1D00C0037AA23 /* Sources */ = {
			isa = PBXSourcesBuildPhase;
			buildActionMask = 2147483647;
			files = (
				19B34BED1BE3561A00F454A5 /* CGPoint+Extensions.swift in Sources */,
				19B34BF51BE3561A00F454A5 /* SKTEffects.swift in Sources */,
				19B34BF01BE3561A00F454A5 /* SKAction+Extensions.swift in Sources */,
				199CFE8F1BE1D00C0037AA23 /* GameScene.swift in Sources */,
				19B34BF31BE3561A00F454A5 /* SKNode+Extensions.swift in Sources */,
				19C201211BE30AA1000E95B2 /* Entity.swift in Sources */,
				19B34BF61BE3561A00F454A5 /* SKTTimingFunctions.swift in Sources */,
				19B34BF11BE3561A00F454A5 /* SKAction+SpecialEffects.swift in Sources */,
				19B34BEF1BE3561A00F454A5 /* Int+Extensions.swift in Sources */,
				19986A171BFEA71D004F053B /* Enemy.swift in Sources */,
				19B34BF71BE3561A00F454A5 /* Vector3.swift in Sources */,
				19C2011E1BE307C7000E95B2 /* PlayerShip.swift in Sources */,
				19B34BF21BE3561A00F454A5 /* SKColor+Extensions.swift in Sources */,
				19B34BEE1BE3561A00F454A5 /* CGVector+Extensions.swift in Sources */,
				199CFE911BE1D00C0037AA23 /* GameViewController.swift in Sources */,
				19B34BF41BE3561A00F454A5 /* SKTAudio.swift in Sources */,
				19B34BEC1BE3561A00F454A5 /* CGFloat+Extensions.swift in Sources */,
				199CFE8B1BE1D00C0037AA23 /* AppDelegate.swift in Sources */,
				19986A1D1BFEAA2F004F053B /* AISteering.swift in Sources */,
				19B34BFD1BE360FB00F454A5 /* Bullet.swift in Sources */,
			);
			runOnlyForDeploymentPostprocessing = 0;
		};
		199CFE9B1BE1D00C0037AA23 /* Sources */ = {
			isa = PBXSourcesBuildPhase;
			buildActionMask = 2147483647;
			files = (
				199CFEA41BE1D00D0037AA23 /* XFighterTests.swift in Sources */,
			);
			runOnlyForDeploymentPostprocessing = 0;
		};
		199CFEA61BE1D00D0037AA23 /* Sources */ = {
			isa = PBXSourcesBuildPhase;
			buildActionMask = 2147483647;
			files = (
				199CFEAF1BE1D00D0037AA23 /* XFighterUITests.swift in Sources */,
			);
			runOnlyForDeploymentPostprocessing = 0;
		};
/* End PBXSourcesBuildPhase section */

/* Begin PBXTargetDependency section */
		199CFEA11BE1D00C0037AA23 /* PBXTargetDependency */ = {
			isa = PBXTargetDependency;
			target = 199CFE861BE1D00C0037AA23 /* XFighter */;
			targetProxy = 199CFEA01BE1D00C0037AA23 /* PBXContainerItemProxy */;
		};
		199CFEAC1BE1D00D0037AA23 /* PBXTargetDependency */ = {
			isa = PBXTargetDependency;
			target = 199CFE861BE1D00C0037AA23 /* XFighter */;
			targetProxy = 199CFEAB1BE1D00D0037AA23 /* PBXContainerItemProxy */;
		};
/* End PBXTargetDependency section */

/* Begin PBXVariantGroup section */
		199CFE921BE1D00C0037AA23 /* Main.storyboard */ = {
			isa = PBXVariantGroup;
			children = (
				199CFE931BE1D00C0037AA23 /* Base */,
			);
			name = Main.storyboard;
			sourceTree = "<group>";
		};
		199CFE971BE1D00C0037AA23 /* LaunchScreen.storyboard */ = {
			isa = PBXVariantGroup;
			children = (
				199CFE981BE1D00C0037AA23 /* Base */,
			);
			name = LaunchScreen.storyboard;
			sourceTree = "<group>";
		};
/* End PBXVariantGroup section */

/* Begin XCBuildConfiguration section */
		199CFEB11BE1D00D0037AA23 /* Debug */ = {
			isa = XCBuildConfiguration;
			buildSettings = {
				ALWAYS_SEARCH_USER_PATHS = NO;
				CLANG_CXX_LANGUAGE_STANDARD = "gnu++0x";
				CLANG_CXX_LIBRARY = "libc++";
				CLANG_ENABLE_MODULES = YES;
				CLANG_ENABLE_OBJC_ARC = YES;
				CLANG_WARN_BOOL_CONVERSION = YES;
				CLANG_WARN_CONSTANT_CONVERSION = YES;
				CLANG_WARN_DIRECT_OBJC_ISA_USAGE = YES_ERROR;
				CLANG_WARN_EMPTY_BODY = YES;
				CLANG_WARN_ENUM_CONVERSION = YES;
				CLANG_WARN_INT_CONVERSION = YES;
				CLANG_WARN_OBJC_ROOT_CLASS = YES_ERROR;
				CLANG_WARN_UNREACHABLE_CODE = YES;
				CLANG_WARN__DUPLICATE_METHOD_MATCH = YES;
				"CODE_SIGN_IDENTITY[sdk=iphoneos*]" = "iPhone Developer";
				COPY_PHASE_STRIP = NO;
				DEBUG_INFORMATION_FORMAT = "dwarf-with-dsym";
				ENABLE_STRICT_OBJC_MSGSEND = YES;
				ENABLE_TESTABILITY = YES;
				GCC_C_LANGUAGE_STANDARD = gnu99;
				GCC_DYNAMIC_NO_PIC = NO;
				GCC_NO_COMMON_BLOCKS = YES;
				GCC_OPTIMIZATION_LEVEL = 0;
				GCC_PREPROCESSOR_DEFINITIONS = (
					"DEBUG=1",
					"$(inherited)",
				);
				GCC_WARN_64_TO_32_BIT_CONVERSION = YES;
				GCC_WARN_ABOUT_RETURN_TYPE = YES_ERROR;
				GCC_WARN_UNDECLARED_SELECTOR = YES;
				GCC_WARN_UNINITIALIZED_AUTOS = YES_AGGRESSIVE;
				GCC_WARN_UNUSED_FUNCTION = YES;
				GCC_WARN_UNUSED_VARIABLE = YES;
				IPHONEOS_DEPLOYMENT_TARGET = 9.1;
				MTL_ENABLE_DEBUG_INFO = YES;
				ONLY_ACTIVE_ARCH = YES;
				SDKROOT = iphoneos;
				SWIFT_OPTIMIZATION_LEVEL = "-Onone";
			};
			name = Debug;
		};
		199CFEB21BE1D00D0037AA23 /* Release */ = {
			isa = XCBuildConfiguration;
			buildSettings = {
				ALWAYS_SEARCH_USER_PATHS = NO;
				CLANG_CXX_LANGUAGE_STANDARD = "gnu++0x";
				CLANG_CXX_LIBRARY = "libc++";
				CLANG_ENABLE_MODULES = YES;
				CLANG_ENABLE_OBJC_ARC = YES;
				CLANG_WARN_BOOL_CONVERSION = YES;
				CLANG_WARN_CONSTANT_CONVERSION = YES;
				CLANG_WARN_DIRECT_OBJC_ISA_USAGE = YES_ERROR;
				CLANG_WARN_EMPTY_BODY = YES;
				CLANG_WARN_ENUM_CONVERSION = YES;
				CLANG_WARN_INT_CONVERSION = YES;
				CLANG_WARN_OBJC_ROOT_CLASS = YES_ERROR;
				CLANG_WARN_UNREACHABLE_CODE = YES;
				CLANG_WARN__DUPLICATE_METHOD_MATCH = YES;
				"CODE_SIGN_IDENTITY[sdk=iphoneos*]" = "iPhone Developer";
				COPY_PHASE_STRIP = NO;
				DEBUG_INFORMATION_FORMAT = "dwarf-with-dsym";
				ENABLE_NS_ASSERTIONS = NO;
				ENABLE_STRICT_OBJC_MSGSEND = YES;
				GCC_C_LANGUAGE_STANDARD = gnu99;
				GCC_NO_COMMON_BLOCKS = YES;
				GCC_WARN_64_TO_32_BIT_CONVERSION = YES;
				GCC_WARN_ABOUT_RETURN_TYPE = YES_ERROR;
				GCC_WARN_UNDECLARED_SELECTOR = YES;
				GCC_WARN_UNINITIALIZED_AUTOS = YES_AGGRESSIVE;
				GCC_WARN_UNUSED_FUNCTION = YES;
				GCC_WARN_UNUSED_VARIABLE = YES;
				IPHONEOS_DEPLOYMENT_TARGET = 9.1;
				MTL_ENABLE_DEBUG_INFO = NO;
				SDKROOT = iphoneos;
				VALIDATE_PRODUCT = YES;
			};
			name = Release;
		};
		199CFEB41BE1D00D0037AA23 /* Debug */ = {
			isa = XCBuildConfiguration;
			buildSettings = {
				ASSETCATALOG_COMPILER_APPICON_NAME = AppIcon;
				CODE_SIGN_IDENTITY = "iPhone Developer";
				"CODE_SIGN_IDENTITY[sdk=iphoneos*]" = "iPhone Developer";
				INFOPLIST_FILE = XFighter/Info.plist;
				IPHONEOS_DEPLOYMENT_TARGET = 8.0;
				LD_RUNPATH_SEARCH_PATHS = "$(inherited) @executable_path/Frameworks";
				PRODUCT_BUNDLE_IDENTIFIER = com.studio4.XFighter;
				PRODUCT_NAME = "$(TARGET_NAME)";
				PROVISIONING_PROFILE = "";
			};
			name = Debug;
		};
		199CFEB51BE1D00D0037AA23 /* Release */ = {
			isa = XCBuildConfiguration;
			buildSettings = {
				ASSETCATALOG_COMPILER_APPICON_NAME = AppIcon;
				CODE_SIGN_IDENTITY = "iPhone Developer";
				"CODE_SIGN_IDENTITY[sdk=iphoneos*]" = "iPhone Developer";
				INFOPLIST_FILE = XFighter/Info.plist;
				IPHONEOS_DEPLOYMENT_TARGET = 8.0;
				LD_RUNPATH_SEARCH_PATHS = "$(inherited) @executable_path/Frameworks";
				PRODUCT_BUNDLE_IDENTIFIER = com.studio4.XFighter;
				PRODUCT_NAME = "$(TARGET_NAME)";
				PROVISIONING_PROFILE = "";
			};
			name = Release;
		};
		199CFEB71BE1D00D0037AA23 /* Debug */ = {
			isa = XCBuildConfiguration;
			buildSettings = {
				BUNDLE_LOADER = "$(TEST_HOST)";
				DEBUG_INFORMATION_FORMAT = dwarf;
				INFOPLIST_FILE = XFighterTests/Info.plist;
				LD_RUNPATH_SEARCH_PATHS = "$(inherited) @executable_path/Frameworks @loader_path/Frameworks";
				PRODUCT_BUNDLE_IDENTIFIER = com.studio4.xfighter.XFighterTests;
				PRODUCT_NAME = "$(TARGET_NAME)";
				TEST_HOST = "$(BUILT_PRODUCTS_DIR)/XFighter.app/XFighter";
			};
			name = Debug;
		};
		199CFEB81BE1D00D0037AA23 /* Release */ = {
			isa = XCBuildConfiguration;
			buildSettings = {
				BUNDLE_LOADER = "$(TEST_HOST)";
				INFOPLIST_FILE = XFighterTests/Info.plist;
				LD_RUNPATH_SEARCH_PATHS = "$(inherited) @executable_path/Frameworks @loader_path/Frameworks";
				PRODUCT_BUNDLE_IDENTIFIER = com.studio4.xfighter.XFighterTests;
				PRODUCT_NAME = "$(TARGET_NAME)";
				TEST_HOST = "$(BUILT_PRODUCTS_DIR)/XFighter.app/XFighter";
			};
			name = Release;
		};
		199CFEBA1BE1D00D0037AA23 /* Debug */ = {
			isa = XCBuildConfiguration;
			buildSettings = {
				DEBUG_INFORMATION_FORMAT = dwarf;
				INFOPLIST_FILE = XFighterUITests/Info.plist;
				LD_RUNPATH_SEARCH_PATHS = "$(inherited) @executable_path/Frameworks @loader_path/Frameworks";
				PRODUCT_BUNDLE_IDENTIFIER = com.studio4.xfighter.XFighterUITests;
				PRODUCT_NAME = "$(TARGET_NAME)";
				TEST_TARGET_NAME = XFighter;
				USES_XCTRUNNER = YES;
			};
			name = Debug;
		};
		199CFEBB1BE1D00D0037AA23 /* Release */ = {
			isa = XCBuildConfiguration;
			buildSettings = {
				INFOPLIST_FILE = XFighterUITests/Info.plist;
				LD_RUNPATH_SEARCH_PATHS = "$(inherited) @executable_path/Frameworks @loader_path/Frameworks";
				PRODUCT_BUNDLE_IDENTIFIER = com.studio4.xfighter.XFighterUITests;
				PRODUCT_NAME = "$(TARGET_NAME)";
				TEST_TARGET_NAME = XFighter;
				USES_XCTRUNNER = YES;
			};
			name = Release;
		};
/* End XCBuildConfiguration section */

/* Begin XCConfigurationList section */
		199CFE821BE1D00C0037AA23 /* Build configuration list for PBXProject "XFighter" */ = {
			isa = XCConfigurationList;
			buildConfigurations = (
				199CFEB11BE1D00D0037AA23 /* Debug */,
				199CFEB21BE1D00D0037AA23 /* Release */,
			);
			defaultConfigurationIsVisible = 0;
			defaultConfigurationName = Release;
		};
		199CFEB31BE1D00D0037AA23 /* Build configuration list for PBXNativeTarget "XFighter" */ = {
			isa = XCConfigurationList;
			buildConfigurations = (
				199CFEB41BE1D00D0037AA23 /* Debug */,
				199CFEB51BE1D00D0037AA23 /* Release */,
			);
			defaultConfigurationIsVisible = 0;
			defaultConfigurationName = Release;
		};
		199CFEB61BE1D00D0037AA23 /* Build configuration list for PBXNativeTarget "XFighterTests" */ = {
			isa = XCConfigurationList;
			buildConfigurations = (
				199CFEB71BE1D00D0037AA23 /* Debug */,
				199CFEB81BE1D00D0037AA23 /* Release */,
			);
			defaultConfigurationIsVisible = 0;
			defaultConfigurationName = Release;
		};
		199CFEB91BE1D00D0037AA23 /* Build configuration list for PBXNativeTarget "XFighterUITests" */ = {
			isa = XCConfigurationList;
			buildConfigurations = (
				199CFEBA1BE1D00D0037AA23 /* Debug */,
				199CFEBB1BE1D00D0037AA23 /* Release */,
			);
			defaultConfigurationIsVisible = 0;
			defaultConfigurationName = Release;
		};
/* End XCConfigurationList section */
	};
	rootObject = 199CFE7F1BE1D00C0037AA23 /* Project object */;
}
